
Microsoft Visual Studio Solution File, Format Version 12.00
# Visual Studio Version 17
VisualStudioVersion = 17.5.33424.131
MinimumVisualStudioVersion = 10.0.40219.1
Project("{FAE04EC0-301F-11D3-BF4B-00C04F79EFBC}") = "TugasArray", "TugasArray\TugasArray.csproj", "{32F6DCA2-8B8C-4983-BE75-23BD29368F1C}"
EndProject
Global
	GlobalSection(SolutionConfigurationPlatforms) = preSolution
		Debug|Any CPU = Debug|Any CPU
		Release|Any CPU = Release|Any CPU
	EndGlobalSection
	GlobalSection(ProjectConfigurationPlatforms) = postSolution
		{32F6DCA2-8B8C-4983-BE75-23BD29368F1C}.Debug|Any CPU.ActiveCfg = Debug|Any CPU
		{32F6DCA2-8B8C-4983-BE75-23BD29368F1C}.Debug|Any CPU.Build.0 = Debug|Any CPU
		{32F6DCA2-8B8C-4983-BE75-23BD29368F1C}.Release|Any CPU.ActiveCfg = Release|Any CPU
		{32F6DCA2-8B8C-4983-BE75-23BD29368F1C}.Release|Any CPU.Build.0 = Release|Any CPU
	EndGlobalSection
	GlobalSection(SolutionProperties) = preSolution
		HideSolutionNode = FALSE
	EndGlobalSection
	GlobalSection(ExtensibilityGlobals) = postSolution
		SolutionGuid = {B936704C-92E9-4C39-B754-5E4087C11A03}
	EndGlobalSection
EndGlobal
